// !$*UTF8*$!
{
	archiveVersion = 1;
	classes = {
	};
	objectVersion = 56;
	objects = {

/* Begin PBXBuildFile section */
		45B72EF42D19BA3600A4DA2D /* U_DoApp.swift in Sources */ = {isa = PBXBuildFile; fileRef = 45B72EF32D19BA3600A4DA2D /* U_DoApp.swift */; };
		45B72EF62D19BA3600A4DA2D /* ContentView.swift in Sources */ = {isa = PBXBuildFile; fileRef = 45B72EF52D19BA3600A4DA2D /* ContentView.swift */; };
		45B72EF82D19BA3800A4DA2D /* Assets.xcassets in Resources */ = {isa = PBXBuildFile; fileRef = 45B72EF72D19BA3800A4DA2D /* Assets.xcassets */; };
		45B72EFB2D19BA3800A4DA2D /* Preview Assets.xcassets in Resources */ = {isa = PBXBuildFile; fileRef = 45B72EFA2D19BA3800A4DA2D /* Preview Assets.xcassets */; };
		45B72F042D19BA8600A4DA2D /* MenuView.swift in Sources */ = {isa = PBXBuildFile; fileRef = 45B72F032D19BA8600A4DA2D /* MenuView.swift */; };
		45B72F062D19C47400A4DA2D /* Task.swift in Sources */ = {isa = PBXBuildFile; fileRef = 45B72F052D19C47400A4DA2D /* Task.swift */; };
		45B72F082D19C49100A4DA2D /* TaskViewModel.swift in Sources */ = {isa = PBXBuildFile; fileRef = 45B72F072D19C49100A4DA2D /* TaskViewModel.swift */; };
		45B72F102D1A764100A4DA2D /* WindowManager.swift in Sources */ = {isa = PBXBuildFile; fileRef = 45B72F0F2D1A764100A4DA2D /* WindowManager.swift */; };
		45B72F122D1A767E00A4DA2D /* CircleButton.swift in Sources */ = {isa = PBXBuildFile; fileRef = 45B72F112D1A767E00A4DA2D /* CircleButton.swift */; };
		45D6EA9F2D1AB72500FA7568 /* SettingsView.swift in Sources */ = {isa = PBXBuildFile; fileRef = 45D6EA9E2D1AB72500FA7568 /* SettingsView.swift */; };
		45D6EAA12D1ACABD00FA7568 /* SettingsViewModel.swift in Sources */ = {isa = PBXBuildFile; fileRef = 45D6EAA02D1ACABD00FA7568 /* SettingsViewModel.swift */; };
/* End PBXBuildFile section */

/* Begin PBXFileReference section */
		45B72EF02D19BA3600A4DA2D /* U Do.app */ = {isa = PBXFileReference; explicitFileType = wrapper.application; includeInIndex = 0; path = "U Do.app"; sourceTree = BUILT_PRODUCTS_DIR; };
		45B72EF32D19BA3600A4DA2D /* U_DoApp.swift */ = {isa = PBXFileReference; lastKnownFileType = sourcecode.swift; path = U_DoApp.swift; sourceTree = "<group>"; };
		45B72EF52D19BA3600A4DA2D /* ContentView.swift */ = {isa = PBXFileReference; lastKnownFileType = sourcecode.swift; path = ContentView.swift; sourceTree = "<group>"; };
		45B72EF72D19BA3800A4DA2D /* Assets.xcassets */ = {isa = PBXFileReference; lastKnownFileType = folder.assetcatalog; path = Assets.xcassets; sourceTree = "<group>"; };
		45B72EFA2D19BA3800A4DA2D /* Preview Assets.xcassets */ = {isa = PBXFileReference; lastKnownFileType = folder.assetcatalog; path = "Preview Assets.xcassets"; sourceTree = "<group>"; };
		45B72EFC2D19BA3800A4DA2D /* U_Do.entitlements */ = {isa = PBXFileReference; lastKnownFileType = text.plist.entitlements; path = U_Do.entitlements; sourceTree = "<group>"; };
		45B72F032D19BA8600A4DA2D /* MenuView.swift */ = {isa = PBXFileReference; lastKnownFileType = sourcecode.swift; path = MenuView.swift; sourceTree = "<group>"; };
		45B72F052D19C47400A4DA2D /* Task.swift */ = {isa = PBXFileReference; lastKnownFileType = sourcecode.swift; path = Task.swift; sourceTree = "<group>"; };
		45B72F072D19C49100A4DA2D /* TaskViewModel.swift */ = {isa = PBXFileReference; lastKnownFileType = sourcecode.swift; path = TaskViewModel.swift; sourceTree = "<group>"; };
		45B72F0F2D1A764100A4DA2D /* WindowManager.swift */ = {isa = PBXFileReference; lastKnownFileType = sourcecode.swift; path = WindowManager.swift; sourceTree = "<group>"; };
		45B72F112D1A767E00A4DA2D /* CircleButton.swift */ = {isa = PBXFileReference; lastKnownFileType = sourcecode.swift; path = CircleButton.swift; sourceTree = "<group>"; };
		45D6EA9E2D1AB72500FA7568 /* SettingsView.swift */ = {isa = PBXFileReference; lastKnownFileType = sourcecode.swift; path = SettingsView.swift; sourceTree = "<group>"; };
		45D6EAA02D1ACABD00FA7568 /* SettingsViewModel.swift */ = {isa = PBXFileReference; lastKnownFileType = sourcecode.swift; path = SettingsViewModel.swift; sourceTree = "<group>"; };
/* End PBXFileReference section */

/* Begin PBXFrameworksBuildPhase section */
		45B72EED2D19BA3600A4DA2D /* Frameworks */ = {
			isa = PBXFrameworksBuildPhase;
			buildActionMask = 2147483647;
			files = (
			);
			runOnlyForDeploymentPostprocessing = 0;
		};
/* End PBXFrameworksBuildPhase section */

/* Begin PBXGroup section */
		45B72EE72D19BA3600A4DA2D = {
			isa = PBXGroup;
			children = (
				45B72EF22D19BA3600A4DA2D /* U Do */,
				45B72EF12D19BA3600A4DA2D /* Products */,
			);
			sourceTree = "<group>";
		};
		45B72EF12D19BA3600A4DA2D /* Products */ = {
			isa = PBXGroup;
			children = (
				45B72EF02D19BA3600A4DA2D /* U Do.app */,
			);
			name = Products;
			sourceTree = "<group>";
		};
		45B72EF22D19BA3600A4DA2D /* U Do */ = {
			isa = PBXGroup;
			children = (
				45B72F0A2D19C50A00A4DA2D /* ViewModels */,
				45B72F092D19C4F900A4DA2D /* Models */,
				45B72F022D19BA7700A4DA2D /* View */,
				45B72EF32D19BA3600A4DA2D /* U_DoApp.swift */,
				45B72EF72D19BA3800A4DA2D /* Assets.xcassets */,
				45B72EFC2D19BA3800A4DA2D /* U_Do.entitlements */,
				45B72EF92D19BA3800A4DA2D /* Preview Content */,
			);
			path = "U Do";
			sourceTree = "<group>";
		};
		45B72EF92D19BA3800A4DA2D /* Preview Content */ = {
			isa = PBXGroup;
			children = (
				45B72EFA2D19BA3800A4DA2D /* Preview Assets.xcassets */,
			);
			path = "Preview Content";
			sourceTree = "<group>";
		};
		45B72F022D19BA7700A4DA2D /* View */ = {
			isa = PBXGroup;
			children = (
				45B72EF52D19BA3600A4DA2D /* ContentView.swift */,
				45B72F032D19BA8600A4DA2D /* MenuView.swift */,
				45B72F0F2D1A764100A4DA2D /* WindowManager.swift */,
				45B72F112D1A767E00A4DA2D /* CircleButton.swift */,
				45D6EA9E2D1AB72500FA7568 /* SettingsView.swift */,
			);
			path = View;
			sourceTree = "<group>";
		};
		45B72F092D19C4F900A4DA2D /* Models */ = {
			isa = PBXGroup;
			children = (
				45B72F052D19C47400A4DA2D /* Task.swift */,
			);
			path = Models;
			sourceTree = "<group>";
		};
		45B72F0A2D19C50A00A4DA2D /* ViewModels */ = {
			isa = PBXGroup;
			children = (
				45B72F072D19C49100A4DA2D /* TaskViewModel.swift */,
				45D6EAA02D1ACABD00FA7568 /* SettingsViewModel.swift */,
			);
			path = ViewModels;
			sourceTree = "<group>";
		};
/* End PBXGroup section */

/* Begin PBXNativeTarget section */
		45B72EEF2D19BA3600A4DA2D /* U Do */ = {
			isa = PBXNativeTarget;
			buildConfigurationList = 45B72EFF2D19BA3800A4DA2D /* Build configuration list for PBXNativeTarget "U Do" */;
			buildPhases = (
				45B72EEC2D19BA3600A4DA2D /* Sources */,
				45B72EED2D19BA3600A4DA2D /* Frameworks */,
				45B72EEE2D19BA3600A4DA2D /* Resources */,
			);
			buildRules = (
			);
			dependencies = (
			);
			name = "U Do";
			productName = "U Do";
			productReference = 45B72EF02D19BA3600A4DA2D /* U Do.app */;
			productType = "com.apple.product-type.application";
		};
/* End PBXNativeTarget section */

/* Begin PBXProject section */
		45B72EE82D19BA3600A4DA2D /* Project object */ = {
			isa = PBXProject;
			attributes = {
				BuildIndependentTargetsInParallel = 1;
				LastSwiftUpdateCheck = 1520;
				LastUpgradeCheck = 1520;
				TargetAttributes = {
					45B72EEF2D19BA3600A4DA2D = {
						CreatedOnToolsVersion = 15.2;
					};
				};
			};
			buildConfigurationList = 45B72EEB2D19BA3600A4DA2D /* Build configuration list for PBXProject "U Do" */;
			compatibilityVersion = "Xcode 14.0";
			developmentRegion = en;
			hasScannedForEncodings = 0;
			knownRegions = (
				en,
				Base,
			);
			mainGroup = 45B72EE72D19BA3600A4DA2D;
			productRefGroup = 45B72EF12D19BA3600A4DA2D /* Products */;
			projectDirPath = "";
			projectRoot = "";
			targets = (
				45B72EEF2D19BA3600A4DA2D /* U Do */,
			);
		};
/* End PBXProject section */

/* Begin PBXResourcesBuildPhase section */
		45B72EEE2D19BA3600A4DA2D /* Resources */ = {
			isa = PBXResourcesBuildPhase;
			buildActionMask = 2147483647;
			files = (
				45B72EFB2D19BA3800A4DA2D /* Preview Assets.xcassets in Resources */,
				45B72EF82D19BA3800A4DA2D /* Assets.xcassets in Resources */,
			);
			runOnlyForDeploymentPostprocessing = 0;
		};
/* End PBXResourcesBuildPhase section */

/* Begin PBXSourcesBuildPhase section */
		45B72EEC2D19BA3600A4DA2D /* Sources */ = {
			isa = PBXSourcesBuildPhase;
			buildActionMask = 2147483647;
			files = (
				45B72F122D1A767E00A4DA2D /* CircleButton.swift in Sources */,
				45B72F062D19C47400A4DA2D /* Task.swift in Sources */,
				45B72EF62D19BA3600A4DA2D /* ContentView.swift in Sources */,
				45B72F042D19BA8600A4DA2D /* MenuView.swift in Sources */,
				45B72F082D19C49100A4DA2D /* TaskViewModel.swift in Sources */,
				45B72EF42D19BA3600A4DA2D /* U_DoApp.swift in Sources */,
				45D6EA9F2D1AB72500FA7568 /* SettingsView.swift in Sources */,
				45B72F102D1A764100A4DA2D /* WindowManager.swift in Sources */,
				45D6EAA12D1ACABD00FA7568 /* SettingsViewModel.swift in Sources */,
			);
			runOnlyForDeploymentPostprocessing = 0;
		};
/* End PBXSourcesBuildPhase section */

/* Begin XCBuildConfiguration section */
		45B72EFD2D19BA3800A4DA2D /* Debug */ = {
			isa = XCBuildConfiguration;
			buildSettings = {
				ALWAYS_SEARCH_USER_PATHS = NO;
				ASSETCATALOG_COMPILER_GENERATE_SWIFT_ASSET_SYMBOL_EXTENSIONS = YES;
				CLANG_ANALYZER_NONNULL = YES;
				CLANG_ANALYZER_NUMBER_OBJECT_CONVERSION = YES_AGGRESSIVE;
				CLANG_CXX_LANGUAGE_STANDARD = "gnu++20";
				CLANG_ENABLE_MODULES = YES;
				CLANG_ENABLE_OBJC_ARC = YES;
				CLANG_ENABLE_OBJC_WEAK = YES;
				CLANG_WARN_BLOCK_CAPTURE_AUTORELEASING = YES;
				CLANG_WARN_BOOL_CONVERSION = YES;
				CLANG_WARN_COMMA = YES;
				CLANG_WARN_CONSTANT_CONVERSION = YES;
				CLANG_WARN_DEPRECATED_OBJC_IMPLEMENTATIONS = YES;
				CLANG_WARN_DIRECT_OBJC_ISA_USAGE = YES_ERROR;
				CLANG_WARN_DOCUMENTATION_COMMENTS = YES;
				CLANG_WARN_EMPTY_BODY = YES;
				CLANG_WARN_ENUM_CONVERSION = YES;
				CLANG_WARN_INFINITE_RECURSION = YES;
				CLANG_WARN_INT_CONVERSION = YES;
				CLANG_WARN_NON_LITERAL_NULL_CONVERSION = YES;
				CLANG_WARN_OBJC_IMPLICIT_RETAIN_SELF = YES;
				CLANG_WARN_OBJC_LITERAL_CONVERSION = YES;
				CLANG_WARN_OBJC_ROOT_CLASS = YES_ERROR;
				CLANG_WARN_QUOTED_INCLUDE_IN_FRAMEWORK_HEADER = YES;
				CLANG_WARN_RANGE_LOOP_ANALYSIS = YES;
				CLANG_WARN_STRICT_PROTOTYPES = YES;
				CLANG_WARN_SUSPICIOUS_MOVE = YES;
				CLANG_WARN_UNGUARDED_AVAILABILITY = YES_AGGRESSIVE;
				CLANG_WARN_UNREACHABLE_CODE = YES;
				CLANG_WARN__DUPLICATE_METHOD_MATCH = YES;
				COPY_PHASE_STRIP = NO;
				DEBUG_INFORMATION_FORMAT = dwarf;
				ENABLE_STRICT_OBJC_MSGSEND = YES;
				ENABLE_TESTABILITY = YES;
				ENABLE_USER_SCRIPT_SANDBOXING = YES;
				GCC_C_LANGUAGE_STANDARD = gnu17;
				GCC_DYNAMIC_NO_PIC = NO;
				GCC_NO_COMMON_BLOCKS = YES;
				GCC_OPTIMIZATION_LEVEL = 0;
				GCC_PREPROCESSOR_DEFINITIONS = (
					"DEBUG=1",
					"$(inherited)",
				);
				GCC_WARN_64_TO_32_BIT_CONVERSION = YES;
				GCC_WARN_ABOUT_RETURN_TYPE = YES_ERROR;
				GCC_WARN_UNDECLARED_SELECTOR = YES;
				GCC_WARN_UNINITIALIZED_AUTOS = YES_AGGRESSIVE;
				GCC_WARN_UNUSED_FUNCTION = YES;
				GCC_WARN_UNUSED_VARIABLE = YES;
				LOCALIZATION_PREFERS_STRING_CATALOGS = YES;
				MACOSX_DEPLOYMENT_TARGET = 13.6;
				MTL_ENABLE_DEBUG_INFO = INCLUDE_SOURCE;
				MTL_FAST_MATH = YES;
				ONLY_ACTIVE_ARCH = YES;
				SDKROOT = macosx;
				SWIFT_ACTIVE_COMPILATION_CONDITIONS = "DEBUG $(inherited)";
				SWIFT_OPTIMIZATION_LEVEL = "-Onone";
			};
			name = Debug;
		};
		45B72EFE2D19BA3800A4DA2D /* Release */ = {
			isa = XCBuildConfiguration;
			buildSettings = {
				ALWAYS_SEARCH_USER_PATHS = NO;
				ASSETCATALOG_COMPILER_GENERATE_SWIFT_ASSET_SYMBOL_EXTENSIONS = YES;
				CLANG_ANALYZER_NONNULL = YES;
				CLANG_ANALYZER_NUMBER_OBJECT_CONVERSION = YES_AGGRESSIVE;
				CLANG_CXX_LANGUAGE_STANDARD = "gnu++20";
				CLANG_ENABLE_MODULES = YES;
				CLANG_ENABLE_OBJC_ARC = YES;
				CLANG_ENABLE_OBJC_WEAK = YES;
				CLANG_WARN_BLOCK_CAPTURE_AUTORELEASING = YES;
				CLANG_WARN_BOOL_CONVERSION = YES;
				CLANG_WARN_COMMA = YES;
				CLANG_WARN_CONSTANT_CONVERSION = YES;
				CLANG_WARN_DEPRECATED_OBJC_IMPLEMENTATIONS = YES;
				CLANG_WARN_DIRECT_OBJC_ISA_USAGE = YES_ERROR;
				CLANG_WARN_DOCUMENTATION_COMMENTS = YES;
				CLANG_WARN_EMPTY_BODY = YES;
				CLANG_WARN_ENUM_CONVERSION = YES;
				CLANG_WARN_INFINITE_RECURSION = YES;
				CLANG_WARN_INT_CONVERSION = YES;
				CLANG_WARN_NON_LITERAL_NULL_CONVERSION = YES;
				CLANG_WARN_OBJC_IMPLICIT_RETAIN_SELF = YES;
				CLANG_WARN_OBJC_LITERAL_CONVERSION = YES;
				CLANG_WARN_OBJC_ROOT_CLASS = YES_ERROR;
				CLANG_WARN_QUOTED_INCLUDE_IN_FRAMEWORK_HEADER = YES;
				CLANG_WARN_RANGE_LOOP_ANALYSIS = YES;
				CLANG_WARN_STRICT_PROTOTYPES = YES;
				CLANG_WARN_SUSPICIOUS_MOVE = YES;
				CLANG_WARN_UNGUARDED_AVAILABILITY = YES_AGGRESSIVE;
				CLANG_WARN_UNREACHABLE_CODE = YES;
				CLANG_WARN__DUPLICATE_METHOD_MATCH = YES;
				COPY_PHASE_STRIP = NO;
				DEBUG_INFORMATION_FORMAT = "dwarf-with-dsym";
				ENABLE_NS_ASSERTIONS = NO;
				ENABLE_STRICT_OBJC_MSGSEND = YES;
				ENABLE_USER_SCRIPT_SANDBOXING = YES;
				GCC_C_LANGUAGE_STANDARD = gnu17;
				GCC_NO_COMMON_BLOCKS = YES;
				GCC_WARN_64_TO_32_BIT_CONVERSION = YES;
				GCC_WARN_ABOUT_RETURN_TYPE = YES_ERROR;
				GCC_WARN_UNDECLARED_SELECTOR = YES;
				GCC_WARN_UNINITIALIZED_AUTOS = YES_AGGRESSIVE;
				GCC_WARN_UNUSED_FUNCTION = YES;
				GCC_WARN_UNUSED_VARIABLE = YES;
				LOCALIZATION_PREFERS_STRING_CATALOGS = YES;
				MACOSX_DEPLOYMENT_TARGET = 13.6;
				MTL_ENABLE_DEBUG_INFO = NO;
				MTL_FAST_MATH = YES;
				SDKROOT = macosx;
				SWIFT_COMPILATION_MODE = wholemodule;
			};
			name = Release;
		};
		45B72F002D19BA3800A4DA2D /* Debug */ = {
			isa = XCBuildConfiguration;
			buildSettings = {
				ASSETCATALOG_COMPILER_APPICON_NAME = AppIcon;
				ASSETCATALOG_COMPILER_GLOBAL_ACCENT_COLOR_NAME = AccentColor;
				ASSETCATALOG_COMPILER_INCLUDE_ALL_APPICON_ASSETS = NO;
				CODE_SIGN_ENTITLEMENTS = "U Do/U_Do.entitlements";
				CODE_SIGN_STYLE = Automatic;
				COMBINE_HIDPI_IMAGES = YES;
				CURRENT_PROJECT_VERSION = 1;
				DEVELOPMENT_ASSET_PATHS = "\"U Do/Preview Content\"";
				ENABLE_PREVIEWS = YES;
				GENERATE_INFOPLIST_FILE = YES;
				INFOPLIST_KEY_LSUIElement = YES;
				INFOPLIST_KEY_NSHumanReadableCopyright = "";
				LD_RUNPATH_SEARCH_PATHS = (
					"$(inherited)",
					"@executable_path/../Frameworks",
				);
				MACOSX_DEPLOYMENT_TARGET = 13.3;
				MARKETING_VERSION = 1.5;
				PRODUCT_BUNDLE_IDENTIFIER = "com.example.U-Do";
				PRODUCT_NAME = "$(TARGET_NAME)";
				SWIFT_EMIT_LOC_STRINGS = YES;
				SWIFT_VERSION = 5.0;
			};
			name = Debug;
		};
		45B72F012D19BA3800A4DA2D /* Release */ = {
			isa = XCBuildConfiguration;
			buildSettings = {
				ASSETCATALOG_COMPILER_APPICON_NAME = AppIcon;
				ASSETCATALOG_COMPILER_GLOBAL_ACCENT_COLOR_NAME = AccentColor;
				ASSETCATALOG_COMPILER_INCLUDE_ALL_APPICON_ASSETS = NO;
				CODE_SIGN_ENTITLEMENTS = "U Do/U_Do.entitlements";
				CODE_SIGN_STYLE = Automatic;
				COMBINE_HIDPI_IMAGES = YES;
				CURRENT_PROJECT_VERSION = 1;
				DEVELOPMENT_ASSET_PATHS = "\"U Do/Preview Content\"";
				ENABLE_PREVIEWS = YES;
				GENERATE_INFOPLIST_FILE = YES;
				INFOPLIST_KEY_LSUIElement = YES;
				INFOPLIST_KEY_NSHumanReadableCopyright = "";
				LD_RUNPATH_SEARCH_PATHS = (
					"$(inherited)",
					"@executable_path/../Frameworks",
				);
				MACOSX_DEPLOYMENT_TARGET = 13.3;
				MARKETING_VERSION = 1.5;
				PRODUCT_BUNDLE_IDENTIFIER = "com.example.U-Do";
				PRODUCT_NAME = "$(TARGET_NAME)";
				SWIFT_EMIT_LOC_STRINGS = YES;
				SWIFT_VERSION = 5.0;
			};
			name = Release;
		};
/* End XCBuildConfiguration section */

/* Begin XCConfigurationList section */
		45B72EEB2D19BA3600A4DA2D /* Build configuration list for PBXProject "U Do" */ = {
			isa = XCConfigurationList;
			buildConfigurations = (
				45B72EFD2D19BA3800A4DA2D /* Debug */,
				45B72EFE2D19BA3800A4DA2D /* Release */,
			);
			defaultConfigurationIsVisible = 0;
			defaultConfigurationName = Release;
		};
		45B72EFF2D19BA3800A4DA2D /* Build configuration list for PBXNativeTarget "U Do" */ = {
			isa = XCConfigurationList;
			buildConfigurations = (
				45B72F002D19BA3800A4DA2D /* Debug */,
				45B72F012D19BA3800A4DA2D /* Release */,
			);
			defaultConfigurationIsVisible = 0;
			defaultConfigurationName = Release;
		};
/* End XCConfigurationList section */
	};
	rootObject = 45B72EE82D19BA3600A4DA2D /* Project object */;
}
